
Microsoft Visual Studio Solution File, Format Version 12.00
# Visual Studio 15
VisualStudioVersion = 15.0.26228.18
MinimumVisualStudioVersion = 10.0.40219.1
Project("{FAE04EC0-301F-11D3-BF4B-00C04F79EFBC}") = "2.1 sav", "2.1 sav.csproj", "{CB8AC653-3C88-45B4-8E83-BAA0A91B0793}"
EndProject
Global
	GlobalSection(SolutionConfigurationPlatforms) = preSolution
		Debug|Any CPU = Debug|Any CPU
		Release|Any CPU = Release|Any CPU
	EndGlobalSection
	GlobalSection(ProjectConfigurationPlatforms) = postSolution
		{CB8AC653-3C88-45B4-8E83-BAA0A91B0793}.Debug|Any CPU.ActiveCfg = Debug|Any CPU
		{CB8AC653-3C88-45B4-8E83-BAA0A91B0793}.Debug|Any CPU.Build.0 = Debug|Any CPU
		{CB8AC653-3C88-45B4-8E83-BAA0A91B0793}.Release|Any CPU.ActiveCfg = Release|Any CPU
		{CB8AC653-3C88-45B4-8E83-BAA0A91B0793}.Release|Any CPU.Build.0 = Release|Any CPU
	EndGlobalSection
	GlobalSection(SolutionProperties) = preSolution
		HideSolutionNode = FALSE
	EndGlobalSection
EndGlobal
