
Microsoft Visual Studio Solution File, Format Version 12.00
# Visual Studio 15
VisualStudioVersion = 15.0.28010.2046
MinimumVisualStudioVersion = 10.0.40219.1
Project("{FAE04EC0-301F-11D3-BF4B-00C04F79EFBC}") = "Sav2", "Sav2\Sav2.csproj", "{D732B11D-7AE3-4D44-B119-D8DB7DF3AABC}"
EndProject
Global
	GlobalSection(SolutionConfigurationPlatforms) = preSolution
		Debug|Any CPU = Debug|Any CPU
		Release|Any CPU = Release|Any CPU
	EndGlobalSection
	GlobalSection(ProjectConfigurationPlatforms) = postSolution
		{D732B11D-7AE3-4D44-B119-D8DB7DF3AABC}.Debug|Any CPU.ActiveCfg = Debug|Any CPU
		{D732B11D-7AE3-4D44-B119-D8DB7DF3AABC}.Debug|Any CPU.Build.0 = Debug|Any CPU
		{D732B11D-7AE3-4D44-B119-D8DB7DF3AABC}.Release|Any CPU.ActiveCfg = Release|Any CPU
		{D732B11D-7AE3-4D44-B119-D8DB7DF3AABC}.Release|Any CPU.Build.0 = Release|Any CPU
	EndGlobalSection
	GlobalSection(SolutionProperties) = preSolution
		HideSolutionNode = FALSE
	EndGlobalSection
	GlobalSection(ExtensibilityGlobals) = postSolution
		SolutionGuid = {F9498303-4444-4F8C-A414-914D8C711113}
	EndGlobalSection
EndGlobal
