
Microsoft Visual Studio Solution File, Format Version 12.00
# Visual Studio 15
VisualStudioVersion = 15.0.28010.2046
MinimumVisualStudioVersion = 10.0.40219.1
Project("{FAE04EC0-301F-11D3-BF4B-00C04F79EFBC}") = "Sav4", "Sav4\Sav4.csproj", "{67153BC2-B212-4AC9-BDA6-D9D1FC76F4A9}"
EndProject
Global
	GlobalSection(SolutionConfigurationPlatforms) = preSolution
		Debug|Any CPU = Debug|Any CPU
		Release|Any CPU = Release|Any CPU
	EndGlobalSection
	GlobalSection(ProjectConfigurationPlatforms) = postSolution
		{67153BC2-B212-4AC9-BDA6-D9D1FC76F4A9}.Debug|Any CPU.ActiveCfg = Debug|Any CPU
		{67153BC2-B212-4AC9-BDA6-D9D1FC76F4A9}.Debug|Any CPU.Build.0 = Debug|Any CPU
		{67153BC2-B212-4AC9-BDA6-D9D1FC76F4A9}.Release|Any CPU.ActiveCfg = Release|Any CPU
		{67153BC2-B212-4AC9-BDA6-D9D1FC76F4A9}.Release|Any CPU.Build.0 = Release|Any CPU
	EndGlobalSection
	GlobalSection(SolutionProperties) = preSolution
		HideSolutionNode = FALSE
	EndGlobalSection
	GlobalSection(ExtensibilityGlobals) = postSolution
		SolutionGuid = {2E47E722-D35A-4DBF-9453-36A7E0C0270C}
	EndGlobalSection
EndGlobal
